<Solution>
  <Project Path="src/Orchestra.ApiService/Orchestra.ApiService.csproj" />
  <Project Path="src/Orchestra.AppHost/Orchestra.AppHost.csproj" />
  <Project Path="src/Orchestra.Application/Orchestra.Application.csproj" />
  <Project Path="src/Orchestra.Domain/Orchestra.Domain.csproj" />
  <Project Path="src/Orchestra.Infrastructure/Orchestra.Infrastructure.csproj" />
  <Project Path="src/Orchestra.ServiceDefaults/Orchestra.ServiceDefaults.csproj" />
  <Project Path="src/Orchestra.Worker/Orchestra.Worker.csproj" />
</Solution>
